<?xml version="1.0" encoding="UTF-8"?>
<!DOCTYPE plist PUBLIC "-//Apple//DTD PLIST 1.0//EN" "http://www.apple.com/DTDs/PropertyList-1.0.dtd">
<plist version="1.0">
<dict>
	<key>archiveVersion</key>
	<string>1</string>
	<key>classes</key>
	<dict/>
	<key>objectVersion</key>
	<string>46</string>
	<key>objects</key>
	<dict>
		<key>12CC9EC171F3BB2114E66841</key>
		<dict>
			<key>includeInIndex</key>
			<string>1</string>
			<key>isa</key>
			<string>PBXFileReference</string>
			<key>lastKnownFileType</key>
			<string>text.xcconfig</string>
			<key>name</key>
			<string>Pods-Specs.test_staging.xcconfig</string>
			<key>path</key>
			<string>Pods/Target Support Files/Pods-Specs/Pods-Specs.test_staging.xcconfig</string>
			<key>sourceTree</key>
			<string>&lt;group&gt;</string>
		</dict>
		<key>1D61E01362DD444BBFD6E388</key>
		<dict>
			<key>explicitFileType</key>
			<string>archive.ar</string>
			<key>includeInIndex</key>
			<string>0</string>
			<key>isa</key>
			<string>PBXFileReference</string>
			<key>path</key>
			<string>libPods.a</string>
			<key>sourceTree</key>
			<string>BUILT_PRODUCTS_DIR</string>
		</dict>
		<key>295A078AF08D45C99B314B81</key>
		<dict>
			<key>buildActionMask</key>
			<string>2147483647</string>
			<key>files</key>
			<array/>
			<key>inputPaths</key>
			<array/>
			<key>isa</key>
			<string>PBXShellScriptBuildPhase</string>
			<key>name</key>
			<string>Check Pods Manifest.lock</string>
			<key>outputPaths</key>
			<array/>
			<key>runOnlyForDeploymentPostprocessing</key>
			<string>0</string>
			<key>shellPath</key>
			<string>/bin/sh</string>
			<key>shellScript</key>
			<string>diff "${PODS_ROOT}/../Podfile.lock" "${PODS_ROOT}/Manifest.lock" &gt; /dev/null
if [[ $? != 0 ]] ; then
    cat &lt;&lt; EOM
error: The sandbox is not in sync with the Podfile.lock. Run 'pod install' or update your CocoaPods installation.
EOM
    exit 1
fi
</string>
			<key>showEnvVarsInLog</key>
			<string>0</string>
		</dict>
		<key>2CB569C4CA54BBB2A8A3438F</key>
		<dict>
			<key>includeInIndex</key>
			<string>1</string>
			<key>isa</key>
			<string>PBXFileReference</string>
			<key>lastKnownFileType</key>
			<string>text.xcconfig</string>
			<key>name</key>
			<string>Pods.adhoc_production.xcconfig</string>
			<key>path</key>
			<string>Pods/Target Support Files/Pods/Pods.adhoc_production.xcconfig</string>
			<key>sourceTree</key>
			<string>&lt;group&gt;</string>
		</dict>
		<key>326C1F0145B5BE66CBCC67F1</key>
		<dict>
			<key>includeInIndex</key>
			<string>1</string>
			<key>isa</key>
			<string>PBXFileReference</string>
			<key>lastKnownFileType</key>
			<string>text.xcconfig</string>
			<key>name</key>
			<string>Pods-Specs.test_production.xcconfig</string>
			<key>path</key>
			<string>Pods/Target Support Files/Pods-Specs/Pods-Specs.test_production.xcconfig</string>
			<key>sourceTree</key>
			<string>&lt;group&gt;</string>
		</dict>
		<key>3EA32E3BEF65BE84130D7190</key>
		<dict>
			<key>includeInIndex</key>
			<string>1</string>
			<key>isa</key>
			<string>PBXFileReference</string>
			<key>lastKnownFileType</key>
			<string>text.xcconfig</string>
			<key>name</key>
			<string>Pods.profile_production.xcconfig</string>
			<key>path</key>
			<string>Pods/Target Support Files/Pods/Pods.profile_production.xcconfig</string>
			<key>sourceTree</key>
			<string>&lt;group&gt;</string>
		</dict>
		<key>40BA951C2C05A8E480C4A89C</key>
		<dict>
			<key>includeInIndex</key>
			<string>1</string>
			<key>isa</key>
			<string>PBXFileReference</string>
			<key>lastKnownFileType</key>
			<string>text.xcconfig</string>
			<key>name</key>
			<string>Pods-Specs.distribution.xcconfig</string>
			<key>path</key>
			<string>Pods/Target Support Files/Pods-Specs/Pods-Specs.distribution.xcconfig</string>
			<key>sourceTree</key>
			<string>&lt;group&gt;</string>
		</dict>
		<key>4D26DC1D97A4FF5AB8CC483F</key>
		<dict>
			<key>includeInIndex</key>
			<string>1</string>
			<key>isa</key>
			<string>PBXFileReference</string>
			<key>lastKnownFileType</key>
			<string>text.xcconfig</string>
			<key>name</key>
			<string>Pods-Specs.profile_production.xcconfig</string>
			<key>path</key>
			<string>Pods/Target Support Files/Pods-Specs/Pods-Specs.profile_production.xcconfig</string>
			<key>sourceTree</key>
			<string>&lt;group&gt;</string>
		</dict>
		<key>55C5AA14CC157D6E10D487F9</key>
		<dict>
			<key>children</key>
			<array>
				<string>973497EBFED9FC87626B9E25</string>
				<string>62820E5E5DCE1B7643DDFCAC</string>
				<string>B9A22FEAECDB5B172A6420E4</string>
				<string>570039B4FD45DBAF5A8E969C</string>
				<string>8B825A2DB6F2180BF8C6BAE6</string>
				<string>5AF873AF0F585B45C1E0F5B4</string>
				<string>2CB569C4CA54BBB2A8A3438F</string>
				<string>6AE8431A4C79A1C8F2737EEB</string>
				<string>3EA32E3BEF65BE84130D7190</string>
				<string>B9B99CA30A14373A9E910099</string>
				<string>D5905E5F82BFFA7584BAD4C5</string>
				<string>12CC9EC171F3BB2114E66841</string>
				<string>326C1F0145B5BE66CBCC67F1</string>
				<string>40BA951C2C05A8E480C4A89C</string>
				<string>6770FFEDF6A5EE7451E4DEDF</string>
				<string>D803149862748E9E696037FB</string>
				<string>D854A3C5B42BB78F9F14DC65</string>
				<string>4D26DC1D97A4FF5AB8CC483F</string>
			</array>
			<key>isa</key>
			<string>PBXGroup</string>
			<key>name</key>
			<string>Pods</string>
			<key>sourceTree</key>
			<string>&lt;group&gt;</string>
		</dict>
		<key>570039B4FD45DBAF5A8E969C</key>
		<dict>
			<key>includeInIndex</key>
			<string>1</string>
			<key>isa</key>
			<string>PBXFileReference</string>
			<key>lastKnownFileType</key>
			<string>text.xcconfig</string>
			<key>name</key>
			<string>Pods.test_production.xcconfig</string>
			<key>path</key>
			<string>Pods/Target Support Files/Pods/Pods.test_production.xcconfig</string>
			<key>sourceTree</key>
			<string>&lt;group&gt;</string>
		</dict>
		<key>5934C2BEC75D4C51B3689E07</key>
		<dict>
			<key>buildActionMask</key>
			<string>2147483647</string>
			<key>files</key>
			<array/>
			<key>inputPaths</key>
			<array/>
			<key>isa</key>
			<string>PBXShellScriptBuildPhase</string>
			<key>name</key>
			<string>Copy Pods Resources</string>
			<key>outputPaths</key>
			<array/>
			<key>runOnlyForDeploymentPostprocessing</key>
			<string>0</string>
			<key>shellPath</key>
			<string>/bin/sh</string>
			<key>shellScript</key>
			<string>"${SRCROOT}/Pods/Target Support Files/Pods/Pods-resources.sh"
</string>
			<key>showEnvVarsInLog</key>
			<string>0</string>
		</dict>
		<key>5AF873AF0F585B45C1E0F5B4</key>
		<dict>
			<key>includeInIndex</key>
			<string>1</string>
			<key>isa</key>
			<string>PBXFileReference</string>
			<key>lastKnownFileType</key>
			<string>text.xcconfig</string>
			<key>name</key>
			<string>Pods.adhoc_staging.xcconfig</string>
			<key>path</key>
			<string>Pods/Target Support Files/Pods/Pods.adhoc_staging.xcconfig</string>
			<key>sourceTree</key>
			<string>&lt;group&gt;</string>
		</dict>
		<key>62820E5E5DCE1B7643DDFCAC</key>
		<dict>
			<key>includeInIndex</key>
			<string>1</string>
			<key>isa</key>
			<string>PBXFileReference</string>
			<key>lastKnownFileType</key>
			<string>text.xcconfig</string>
			<key>name</key>
			<string>Pods.debug_production.xcconfig</string>
			<key>path</key>
			<string>Pods/Target Support Files/Pods/Pods.debug_production.xcconfig</string>
			<key>sourceTree</key>
			<string>&lt;group&gt;</string>
		</dict>
		<key>6770FFEDF6A5EE7451E4DEDF</key>
		<dict>
			<key>includeInIndex</key>
			<string>1</string>
			<key>isa</key>
			<string>PBXFileReference</string>
			<key>lastKnownFileType</key>
			<string>text.xcconfig</string>
			<key>name</key>
			<string>Pods-Specs.adhoc_staging.xcconfig</string>
			<key>path</key>
			<string>Pods/Target Support Files/Pods-Specs/Pods-Specs.adhoc_staging.xcconfig</string>
			<key>sourceTree</key>
			<string>&lt;group&gt;</string>
		</dict>
		<key>6AE8431A4C79A1C8F2737EEB</key>
		<dict>
			<key>includeInIndex</key>
			<string>1</string>
			<key>isa</key>
			<string>PBXFileReference</string>
			<key>lastKnownFileType</key>
			<string>text.xcconfig</string>
			<key>name</key>
			<string>Pods.profile_staging.xcconfig</string>
			<key>path</key>
			<string>Pods/Target Support Files/Pods/Pods.profile_staging.xcconfig</string>
			<key>sourceTree</key>
			<string>&lt;group&gt;</string>
		</dict>
		<key>7A1059CDD505490C88A04C84</key>
		<dict>
			<key>fileRef</key>
			<string>1D61E01362DD444BBFD6E388</string>
			<key>isa</key>
			<string>PBXBuildFile</string>
		</dict>
		<key>8B825A2DB6F2180BF8C6BAE6</key>
		<dict>
			<key>includeInIndex</key>
			<string>1</string>
			<key>isa</key>
			<string>PBXFileReference</string>
			<key>lastKnownFileType</key>
			<string>text.xcconfig</string>
			<key>name</key>
			<string>Pods.distribution.xcconfig</string>
			<key>path</key>
			<string>Pods/Target Support Files/Pods/Pods.distribution.xcconfig</string>
			<key>sourceTree</key>
			<string>&lt;group&gt;</string>
		</dict>
		<key>973497EBFED9FC87626B9E25</key>
		<dict>
			<key>includeInIndex</key>
			<string>1</string>
			<key>isa</key>
			<string>PBXFileReference</string>
			<key>lastKnownFileType</key>
			<string>text.xcconfig</string>
			<key>name</key>
			<string>Pods.debug_staging.xcconfig</string>
			<key>path</key>
			<string>Pods/Target Support Files/Pods/Pods.debug_staging.xcconfig</string>
			<key>sourceTree</key>
			<string>&lt;group&gt;</string>
		</dict>
		<key>9A02F77A5711492A9BF635F8</key>
		<dict>
			<key>fileRef</key>
			<string>E6EBF96DA068437B82FA86E4</string>
			<key>isa</key>
			<string>PBXBuildFile</string>
		</dict>
		<key>A20A1E42928D4423912BE388</key>
		<dict>
			<key>buildActionMask</key>
			<string>2147483647</string>
			<key>files</key>
			<array/>
			<key>inputPaths</key>
			<array/>
			<key>isa</key>
			<string>PBXShellScriptBuildPhase</string>
			<key>name</key>
			<string>Copy Pods Resources</string>
			<key>outputPaths</key>
			<array/>
			<key>runOnlyForDeploymentPostprocessing</key>
			<string>0</string>
			<key>shellPath</key>
			<string>/bin/sh</string>
			<key>shellScript</key>
			<string>"${SRCROOT}/Pods/Target Support Files/Pods-Specs/Pods-Specs-resources.sh"
</string>
			<key>showEnvVarsInLog</key>
			<string>0</string>
		</dict>
		<key>B9A22FEAECDB5B172A6420E4</key>
		<dict>
			<key>includeInIndex</key>
			<string>1</string>
			<key>isa</key>
			<string>PBXFileReference</string>
			<key>lastKnownFileType</key>
			<string>text.xcconfig</string>
			<key>name</key>
			<string>Pods.test_staging.xcconfig</string>
			<key>path</key>
			<string>Pods/Target Support Files/Pods/Pods.test_staging.xcconfig</string>
			<key>sourceTree</key>
			<string>&lt;group&gt;</string>
		</dict>
		<key>B9B99CA30A14373A9E910099</key>
		<dict>
			<key>includeInIndex</key>
			<string>1</string>
			<key>isa</key>
			<string>PBXFileReference</string>
			<key>lastKnownFileType</key>
			<string>text.xcconfig</string>
			<key>name</key>
			<string>Pods-Specs.debug_staging.xcconfig</string>
			<key>path</key>
			<string>Pods/Target Support Files/Pods-Specs/Pods-Specs.debug_staging.xcconfig</string>
			<key>sourceTree</key>
			<string>&lt;group&gt;</string>
		</dict>
		<key>BD304C8018E672EA0034105E</key>
		<dict>
			<key>fileEncoding</key>
			<string>4</string>
			<key>isa</key>
			<string>PBXFileReference</string>
			<key>lastKnownFileType</key>
			<string>sourcecode.c.objc</string>
			<key>path</key>
			<string>CRBSDummySpec.m</string>
			<key>sourceTree</key>
			<string>&lt;group&gt;</string>
		</dict>
		<key>BD304C8118E672EA0034105E</key>
		<dict>
			<key>fileRef</key>
			<string>BD304C8018E672EA0034105E</string>
			<key>isa</key>
			<string>PBXBuildFile</string>
		</dict>
		<key>BD304C8218E77F7E0034105E</key>
		<dict>
			<key>isa</key>
			<string>PBXFileReference</string>
			<key>lastKnownFileType</key>
			<string>wrapper.plug-in</string>
			<key>path</key>
			<string>Settings.bundle</string>
			<key>sourceTree</key>
			<string>&lt;group&gt;</string>
		</dict>
		<key>BD304C8318E77F7E0034105E</key>
		<dict>
			<key>fileRef</key>
			<string>BD304C8218E77F7E0034105E</string>
			<key>isa</key>
			<string>PBXBuildFile</string>
		</dict>
		<key>BD35136319BE21BD00A19841</key>
		<dict>
			<key>buildActionMask</key>
			<string>2147483647</string>
			<key>files</key>
			<array/>
			<key>inputPaths</key>
			<array/>
			<key>isa</key>
			<string>PBXShellScriptBuildPhase</string>
			<key>name</key>
			<string>Badge App Icons</string>
			<key>outputPaths</key>
			<array/>
			<key>runOnlyForDeploymentPostprocessing</key>
			<string>0</string>
			<key>shellPath</key>
			<string>/bin/sh</string>
			<key>shellScript</key>
			<string># For non-app store builds, this script badges the app's icons to indicate whether
# the build targets staging or production, as well as its version and build number.
# Changes are made to the icons in the products directory; the icons in your app
# are unchanged.

# As always, if this isn't to your liking, feel free to remove this build phase.

"${SRCROOT}/Scripts/BadgeIcons.py"</string>
			<key>showEnvVarsInLog</key>
			<string>0</string>
		</dict>
		<key>BD35136419BE274A00A19841</key>
		<dict>
			<key>fileEncoding</key>
			<string>4</string>
			<key>isa</key>
			<string>PBXFileReference</string>
			<key>lastKnownFileType</key>
			<string>sourcecode.c.h</string>
			<key>path</key>
			<string>CRBSConstants.h</string>
			<key>sourceTree</key>
			<string>&lt;group&gt;</string>
		</dict>
		<key>BD35136519BE274A00A19841</key>
		<dict>
			<key>fileEncoding</key>
			<string>4</string>
			<key>isa</key>
			<string>PBXFileReference</string>
			<key>lastKnownFileType</key>
			<string>sourcecode.c.objc</string>
			<key>path</key>
			<string>CRBSConstants.m</string>
			<key>sourceTree</key>
			<string>&lt;group&gt;</string>
		</dict>
		<key>BD35136619BE274A00A19841</key>
		<dict>
			<key>fileRef</key>
			<string>BD35136519BE274A00A19841</string>
			<key>isa</key>
			<string>PBXBuildFile</string>
		</dict>
		<key>BD3570BB19929359006C5409</key>
		<dict>
			<key>isa</key>
			<string>PBXFileReference</string>
			<key>lastKnownFileType</key>
			<string>text.xcconfig</string>
			<key>path</key>
			<string>CrushBootstrap-Debug.xcconfig</string>
			<key>sourceTree</key>
			<string>&lt;group&gt;</string>
		</dict>
		<key>BD3570BC199293C2006C5409</key>
		<dict>
			<key>isa</key>
			<string>PBXFileReference</string>
			<key>lastKnownFileType</key>
			<string>text.xcconfig</string>
			<key>path</key>
			<string>CrushBootstrap-Profile.xcconfig</string>
			<key>sourceTree</key>
			<string>&lt;group&gt;</string>
		</dict>
		<key>BD3570BD19929436006C5409</key>
		<dict>
			<key>isa</key>
			<string>PBXFileReference</string>
			<key>lastKnownFileType</key>
			<string>text.xcconfig</string>
			<key>path</key>
			<string>CrushBootstrap-Release.xcconfig</string>
			<key>sourceTree</key>
			<string>&lt;group&gt;</string>
		</dict>
		<key>BD36522718CE89C6009107A7</key>
		<dict>
			<key>buildActionMask</key>
			<string>2147483647</string>
			<key>files</key>
			<array/>
			<key>inputPaths</key>
			<array/>
			<key>isa</key>
			<string>PBXShellScriptBuildPhase</string>
			<key>name</key>
			<string>Increment Build Number</string>
			<key>outputPaths</key>
			<array/>
			<key>runOnlyForDeploymentPostprocessing</key>
			<string>0</string>
			<key>shellPath</key>
			<string>/bin/sh</string>
			<key>shellScript</key>
			<string># This script increments the build number (CFBundleVersion in the Info.plist)
# on Ad-Hoc or Distribution builds that target real devices.
# In the context of Amaro, that means an archive build of any scheme, or any
# non-simulator build of the AppStore scheme.

# Feel free to remove this build phase if that is not desired behavior for you.

"${SRCROOT}/Scripts/IncrementBuildNumber.py"</string>
			<key>showEnvVarsInLog</key>
			<string>0</string>
		</dict>
		<key>BD3CA8BA18D8A68600C993E0</key>
		<dict>
			<key>children</key>
			<array>
				<string>BDDB996D18C3943B003EBC42</string>
				<string>BD3CA8BB18D8A6D200C993E0</string>
				<string>BD304C8218E77F7E0034105E</string>
			</array>
			<key>isa</key>
			<string>PBXGroup</string>
			<key>path</key>
			<string>Resources</string>
			<key>sourceTree</key>
			<string>&lt;group&gt;</string>
		</dict>
		<key>BD3CA8BB18D8A6D200C993E0</key>
		<dict>
			<key>fileEncoding</key>
			<string>4</string>
			<key>isa</key>
			<string>PBXFileReference</string>
			<key>lastKnownFileType</key>
			<string>text.css</string>
			<key>path</key>
			<string>default.css</string>
			<key>sourceTree</key>
			<string>&lt;group&gt;</string>
		</dict>
		<key>BD3CA8BC18D8A6D200C993E0</key>
		<dict>
			<key>fileRef</key>
			<string>BD3CA8BB18D8A6D200C993E0</string>
			<key>isa</key>
			<string>PBXBuildFile</string>
		</dict>
		<key>BD3D80F218E8AD9100FAD1EB</key>
		<dict>
			<key>fileEncoding</key>
			<string>4</string>
			<key>isa</key>
			<string>PBXFileReference</string>
			<key>lastKnownFileType</key>
			<string>sourcecode.c.objc</string>
			<key>path</key>
			<string>ZZZCodeCoverageFixForiOS7.m</string>
			<key>sourceTree</key>
			<string>&lt;group&gt;</string>
		</dict>
		<key>BD3D80F318E8AD9100FAD1EB</key>
		<dict>
			<key>fileRef</key>
			<string>BD3D80F218E8AD9100FAD1EB</string>
			<key>isa</key>
			<string>PBXBuildFile</string>
		</dict>
		<key>BD3D80F418E8B70200FAD1EB</key>
		<dict>
			<key>compilerSpec</key>
			<string>com.apple.compilers.proxy.script</string>
			<key>filePatterns</key>
			<string>*.scss</string>
			<key>fileType</key>
			<string>pattern.proxy</string>
			<key>isEditable</key>
			<string>1</string>
			<key>isa</key>
			<string>PBXBuildRule</string>
			<key>name</key>
			<string>SCSS compilation</string>
			<key>outputFiles</key>
			<array>
				<string>$(DERIVED_FILE_DIR)/$(INPUT_FILE_BASE).css</string>
			</array>
			<key>script</key>
			<string># This build rule converts .scss (sass) files in your project to .css files.
# You will need to have sass installed to use it. See http://sass-lang.com/install
# for instructions.

# If you won't be using sass or Pixate Freestyle, feel free to remove this,
# though it won't do anything unless there are scss files in your project.

"${SRCROOT}/Scripts/SCSSBuildRule.sh"</string>
		</dict>
		<key>BD49EA2018EC611D00F73350</key>
		<dict>
			<key>baseConfigurationReference</key>
			<string>BD3570BB19929359006C5409</string>
			<key>buildSettings</key>
			<dict>
				<key>IPHONEOS_DEPLOYMENT_TARGET</key>
				<string>7.0</string>
				<key>SDKROOT</key>
				<string>iphoneos</string>
				<key>TARGETED_DEVICE_FAMILY</key>
				<string>1,2</string>
			</dict>
			<key>isa</key>
			<string>XCBuildConfiguration</string>
			<key>name</key>
			<string>Debug_Production</string>
		</dict>
		<key>BD49EA2118EC611D00F73350</key>
		<dict>
			<key>baseConfigurationReference</key>
			<string>62820E5E5DCE1B7643DDFCAC</string>
			<key>buildSettings</key>
			<dict>
				<key>ASSETCATALOG_COMPILER_APPICON_NAME</key>
				<string>AppIcon</string>
				<key>ASSETCATALOG_COMPILER_LAUNCHIMAGE_NAME</key>
				<string>LaunchImage</string>
				<key>BUNDLE_ID_SUFFIX</key>
				<string>.prod.debug</string>
				<key>BUNDLE_NAME_SUFFIX</key>
				<string> (Prod)</string>
				<key>GCC_PRECOMPILE_PREFIX_HEADER</key>
				<string>YES</string>
				<key>GCC_PREFIX_HEADER</key>
				<string>CrushBootstrap/Application/CrushBootstrap-Prefix.pch</string>
				<key>INFOPLIST_FILE</key>
				<string>CrushBootstrap/Other-Sources/CrushBootstrap-Info.plist</string>
				<key>PRODUCT_NAME</key>
				<string>$(TARGET_NAME)</string>
			</dict>
			<key>isa</key>
			<string>XCBuildConfiguration</string>
			<key>name</key>
			<string>Debug_Production</string>
		</dict>
		<key>BD49EA2218EC611D00F73350</key>
		<dict>
			<key>baseConfigurationReference</key>
			<string>D5905E5F82BFFA7584BAD4C5</string>
			<key>buildSettings</key>
			<dict>
				<key>BUNDLE_LOADER</key>
				<string>$(BUILT_PRODUCTS_DIR)/CrushBootstrap.app/CrushBootstrap</string>
				<key>FRAMEWORK_SEARCH_PATHS</key>
				<array>
					<string>$(SDKROOT)/Developer/Library/Frameworks</string>
					<string>$(inherited)</string>
					<string>$(DEVELOPER_FRAMEWORKS_DIR)</string>
				</array>
				<key>GCC_PRECOMPILE_PREFIX_HEADER</key>
				<string>YES</string>
				<key>GCC_PREFIX_HEADER</key>
				<string>Specs/Specs-Prefix.pch</string>
				<key>INFOPLIST_FILE</key>
				<string>Specs/Specs-Info.plist</string>
				<key>PRODUCT_NAME</key>
				<string>$(TARGET_NAME)</string>
				<key>TEST_HOST</key>
				<string>$(BUNDLE_LOADER)</string>
				<key>WRAPPER_EXTENSION</key>
				<string>xctest</string>
			</dict>
			<key>isa</key>
			<string>XCBuildConfiguration</string>
			<key>name</key>
			<string>Debug_Production</string>
		</dict>
		<key>BD49EA2318EC612E00F73350</key>
		<dict>
			<key>baseConfigurationReference</key>
			<string>BD574AFF18EA481500EDD66F</string>
			<key>buildSettings</key>
			<dict>
				<key>IPHONEOS_DEPLOYMENT_TARGET</key>
				<string>7.0</string>
				<key>SDKROOT</key>
				<string>iphoneos</string>
				<key>TARGETED_DEVICE_FAMILY</key>
				<string>1,2</string>
			</dict>
			<key>isa</key>
			<string>XCBuildConfiguration</string>
			<key>name</key>
			<string>Test_Production</string>
		</dict>
		<key>BD49EA2418EC612E00F73350</key>
		<dict>
			<key>baseConfigurationReference</key>
			<string>570039B4FD45DBAF5A8E969C</string>
			<key>buildSettings</key>
			<dict>
				<key>ASSETCATALOG_COMPILER_APPICON_NAME</key>
				<string>AppIcon</string>
				<key>ASSETCATALOG_COMPILER_LAUNCHIMAGE_NAME</key>
				<string>LaunchImage</string>
				<key>BUNDLE_ID_SUFFIX</key>
				<string>.prod.debug</string>
				<key>BUNDLE_NAME_SUFFIX</key>
				<string> (Prod)</string>
				<key>GCC_PRECOMPILE_PREFIX_HEADER</key>
				<string>YES</string>
				<key>GCC_PREFIX_HEADER</key>
				<string>CrushBootstrap/Application/CrushBootstrap-Prefix.pch</string>
				<key>INFOPLIST_FILE</key>
				<string>CrushBootstrap/Other-Sources/CrushBootstrap-Info.plist</string>
				<key>PRODUCT_NAME</key>
				<string>$(TARGET_NAME)</string>
			</dict>
			<key>isa</key>
			<string>XCBuildConfiguration</string>
			<key>name</key>
			<string>Test_Production</string>
		</dict>
		<key>BD49EA2518EC612E00F73350</key>
		<dict>
			<key>baseConfigurationReference</key>
			<string>326C1F0145B5BE66CBCC67F1</string>
			<key>buildSettings</key>
			<dict>
				<key>BUNDLE_LOADER</key>
				<string>$(BUILT_PRODUCTS_DIR)/CrushBootstrap.app/CrushBootstrap</string>
				<key>FRAMEWORK_SEARCH_PATHS</key>
				<array>
					<string>$(SDKROOT)/Developer/Library/Frameworks</string>
					<string>$(inherited)</string>
					<string>$(DEVELOPER_FRAMEWORKS_DIR)</string>
				</array>
				<key>GCC_PRECOMPILE_PREFIX_HEADER</key>
				<string>YES</string>
				<key>GCC_PREFIX_HEADER</key>
				<string>Specs/Specs-Prefix.pch</string>
				<key>INFOPLIST_FILE</key>
				<string>Specs/Specs-Info.plist</string>
				<key>PRODUCT_NAME</key>
				<string>$(TARGET_NAME)</string>
				<key>TEST_HOST</key>
				<string>$(BUNDLE_LOADER)</string>
				<key>WRAPPER_EXTENSION</key>
				<string>xctest</string>
			</dict>
			<key>isa</key>
			<string>XCBuildConfiguration</string>
			<key>name</key>
			<string>Test_Production</string>
		</dict>
		<key>BD49EA2618EC614F00F73350</key>
		<dict>
			<key>baseConfigurationReference</key>
			<string>BD3570BD19929436006C5409</string>
			<key>buildSettings</key>
			<dict>
				<key>IPHONEOS_DEPLOYMENT_TARGET</key>
				<string>7.0</string>
				<key>SDKROOT</key>
				<string>iphoneos</string>
				<key>TARGETED_DEVICE_FAMILY</key>
				<string>1,2</string>
				<key>VALIDATE_PRODUCT</key>
				<string>YES</string>
			</dict>
			<key>isa</key>
			<string>XCBuildConfiguration</string>
			<key>name</key>
			<string>AdHoc_Production</string>
		</dict>
		<key>BD49EA2718EC614F00F73350</key>
		<dict>
			<key>baseConfigurationReference</key>
			<string>2CB569C4CA54BBB2A8A3438F</string>
			<key>buildSettings</key>
			<dict>
				<key>ASSETCATALOG_COMPILER_APPICON_NAME</key>
				<string>AppIcon</string>
				<key>ASSETCATALOG_COMPILER_LAUNCHIMAGE_NAME</key>
				<string>LaunchImage</string>
				<key>BUNDLE_ID_SUFFIX</key>
				<string>.prod.adhoc</string>
				<key>BUNDLE_NAME_SUFFIX</key>
				<string> (Prod)</string>
				<key>CODE_SIGN_IDENTITY[sdk=iphoneos*]</key>
				<string>iPhone Distribution</string>
				<key>GCC_PRECOMPILE_PREFIX_HEADER</key>
				<string>YES</string>
				<key>GCC_PREFIX_HEADER</key>
				<string>CrushBootstrap/Application/CrushBootstrap-Prefix.pch</string>
				<key>INFOPLIST_FILE</key>
				<string>CrushBootstrap/Other-Sources/CrushBootstrap-Info.plist</string>
				<key>PRODUCT_NAME</key>
				<string>$(TARGET_NAME)</string>
			</dict>
			<key>isa</key>
			<string>XCBuildConfiguration</string>
			<key>name</key>
			<string>AdHoc_Production</string>
		</dict>
		<key>BD49EA2818EC614F00F73350</key>
		<dict>
			<key>baseConfigurationReference</key>
			<string>D803149862748E9E696037FB</string>
			<key>buildSettings</key>
			<dict>
				<key>BUNDLE_LOADER</key>
				<string>$(BUILT_PRODUCTS_DIR)/CrushBootstrap.app/CrushBootstrap</string>
				<key>FRAMEWORK_SEARCH_PATHS</key>
				<array>
					<string>$(SDKROOT)/Developer/Library/Frameworks</string>
					<string>$(inherited)</string>
					<string>$(DEVELOPER_FRAMEWORKS_DIR)</string>
				</array>
				<key>GCC_PRECOMPILE_PREFIX_HEADER</key>
				<string>YES</string>
				<key>GCC_PREFIX_HEADER</key>
				<string>Specs/Specs-Prefix.pch</string>
				<key>INFOPLIST_FILE</key>
				<string>Specs/Specs-Info.plist</string>
				<key>PRODUCT_NAME</key>
				<string>$(TARGET_NAME)</string>
				<key>TEST_HOST</key>
				<string>$(BUNDLE_LOADER)</string>
				<key>WRAPPER_EXTENSION</key>
				<string>xctest</string>
			</dict>
			<key>isa</key>
			<string>XCBuildConfiguration</string>
			<key>name</key>
			<string>AdHoc_Production</string>
		</dict>
		<key>BD49EA2918EC62DD00F73350</key>
		<dict>
			<key>baseConfigurationReference</key>
			<string>BD3570BC199293C2006C5409</string>
			<key>buildSettings</key>
			<dict>
				<key>IPHONEOS_DEPLOYMENT_TARGET</key>
				<string>7.0</string>
				<key>SDKROOT</key>
				<string>iphoneos</string>
				<key>TARGETED_DEVICE_FAMILY</key>
				<string>1,2</string>
				<key>VALIDATE_PRODUCT</key>
				<string>YES</string>
			</dict>
			<key>isa</key>
			<string>XCBuildConfiguration</string>
			<key>name</key>
			<string>Profile_Production</string>
		</dict>
		<key>BD49EA2A18EC62DD00F73350</key>
		<dict>
			<key>baseConfigurationReference</key>
			<string>3EA32E3BEF65BE84130D7190</string>
			<key>buildSettings</key>
			<dict>
				<key>ASSETCATALOG_COMPILER_APPICON_NAME</key>
				<string>AppIcon</string>
				<key>ASSETCATALOG_COMPILER_LAUNCHIMAGE_NAME</key>
				<string>LaunchImage</string>
				<key>BUNDLE_ID_SUFFIX</key>
				<string>.prod.adhoc</string>
				<key>BUNDLE_NAME_SUFFIX</key>
				<string> (Prod)</string>
				<key>GCC_PRECOMPILE_PREFIX_HEADER</key>
				<string>YES</string>
				<key>GCC_PREFIX_HEADER</key>
				<string>CrushBootstrap/Application/CrushBootstrap-Prefix.pch</string>
				<key>INFOPLIST_FILE</key>
				<string>CrushBootstrap/Other-Sources/CrushBootstrap-Info.plist</string>
				<key>PRODUCT_NAME</key>
				<string>$(TARGET_NAME)</string>
			</dict>
			<key>isa</key>
			<string>XCBuildConfiguration</string>
			<key>name</key>
			<string>Profile_Production</string>
		</dict>
		<key>BD49EA2B18EC62DD00F73350</key>
		<dict>
			<key>baseConfigurationReference</key>
			<string>4D26DC1D97A4FF5AB8CC483F</string>
			<key>buildSettings</key>
			<dict>
				<key>BUNDLE_LOADER</key>
				<string>$(BUILT_PRODUCTS_DIR)/CrushBootstrap.app/CrushBootstrap</string>
				<key>FRAMEWORK_SEARCH_PATHS</key>
				<array>
					<string>$(SDKROOT)/Developer/Library/Frameworks</string>
					<string>$(inherited)</string>
					<string>$(DEVELOPER_FRAMEWORKS_DIR)</string>
				</array>
				<key>GCC_PRECOMPILE_PREFIX_HEADER</key>
				<string>YES</string>
				<key>GCC_PREFIX_HEADER</key>
				<string>Specs/Specs-Prefix.pch</string>
				<key>INFOPLIST_FILE</key>
				<string>Specs/Specs-Info.plist</string>
				<key>PRODUCT_NAME</key>
				<string>$(TARGET_NAME)</string>
				<key>TEST_HOST</key>
				<string>$(BUNDLE_LOADER)</string>
				<key>WRAPPER_EXTENSION</key>
				<string>xctest</string>
			</dict>
			<key>isa</key>
			<string>XCBuildConfiguration</string>
			<key>name</key>
			<string>Profile_Production</string>
		</dict>
		<key>BD49EA2C18EC842B00F73350</key>
		<dict>
			<key>isa</key>
			<string>PBXFileReference</string>
			<key>lastKnownFileType</key>
			<string>sourcecode.c.h</string>
			<key>path</key>
			<string>CrushBootstrap-Environment.h</string>
			<key>sourceTree</key>
			<string>&lt;group&gt;</string>
		</dict>
		<key>BD574AFA18EA47FA00EDD66F</key>
		<dict>
			<key>children</key>
			<array/>
			<key>isa</key>
			<string>PBXGroup</string>
			<key>path</key>
			<string>Library</string>
			<key>sourceTree</key>
			<string>&lt;group&gt;</string>
		</dict>
		<key>BD574AFB18EA47FA00EDD66F</key>
		<dict>
			<key>children</key>
			<array/>
			<key>isa</key>
			<string>PBXGroup</string>
			<key>path</key>
			<string>Models</string>
			<key>sourceTree</key>
			<string>&lt;group&gt;</string>
		</dict>
		<key>BD574AFC18EA481500EDD66F</key>
		<dict>
			<key>children</key>
			<array>
				<string>BD934CCF19C211F600B48551</string>
				<string>BD35136419BE274A00A19841</string>
				<string>BD35136519BE274A00A19841</string>
				<string>BD6951EA18EA54A800F2F410</string>
				<string>BD574B0018EA481500EDD66F</string>
				<string>BD3570BB19929359006C5409</string>
				<string>BD574AFF18EA481500EDD66F</string>
				<string>BD3570BC199293C2006C5409</string>
				<string>BD3570BD19929436006C5409</string>
				<string>BD49EA2C18EC842B00F73350</string>
				<string>BD574B0218EA481500EDD66F</string>
			</array>
			<key>isa</key>
			<string>PBXGroup</string>
			<key>name</key>
			<string>Other Sources</string>
			<key>path</key>
			<string>Other-Sources</string>
			<key>sourceTree</key>
			<string>&lt;group&gt;</string>
		</dict>
		<key>BD574AFE18EA481500EDD66F</key>
		<dict>
			<key>fileEncoding</key>
			<string>4</string>
			<key>isa</key>
			<string>PBXFileReference</string>
			<key>lastKnownFileType</key>
			<string>sourcecode.c.h</string>
			<key>path</key>
			<string>CrushBootstrap-Prefix.pch</string>
			<key>sourceTree</key>
			<string>&lt;group&gt;</string>
		</dict>
		<key>BD574AFF18EA481500EDD66F</key>
		<dict>
			<key>fileEncoding</key>
			<string>4</string>
			<key>isa</key>
			<string>PBXFileReference</string>
			<key>lastKnownFileType</key>
			<string>text.xcconfig</string>
			<key>path</key>
			<string>CrushBootstrap-Test.xcconfig</string>
			<key>sourceTree</key>
			<string>&lt;group&gt;</string>
		</dict>
		<key>BD574B0018EA481500EDD66F</key>
		<dict>
			<key>fileEncoding</key>
			<string>4</string>
			<key>isa</key>
			<string>PBXFileReference</string>
			<key>lastKnownFileType</key>
			<string>text.xcconfig</string>
			<key>path</key>
			<string>CrushBootstrap.xcconfig</string>
			<key>sourceTree</key>
			<string>&lt;group&gt;</string>
		</dict>
		<key>BD574B0218EA481500EDD66F</key>
		<dict>
			<key>fileEncoding</key>
			<string>4</string>
			<key>isa</key>
			<string>PBXFileReference</string>
			<key>lastKnownFileType</key>
			<string>sourcecode.c.h</string>
			<key>path</key>
			<string>Pods-Environment.h</string>
			<key>sourceTree</key>
			<string>&lt;group&gt;</string>
		</dict>
		<key>BD574B0318EA481500EDD66F</key>
		<dict>
			<key>children</key>
			<array/>
			<key>isa</key>
			<string>PBXGroup</string>
			<key>path</key>
			<string>Views</string>
			<key>sourceTree</key>
			<string>&lt;group&gt;</string>
		</dict>
		<key>BD6951CE18EA4B0800F2F410</key>
		<dict>
			<key>fileEncoding</key>
			<string>4</string>
			<key>isa</key>
			<string>PBXFileReference</string>
			<key>lastKnownFileType</key>
			<string>sourcecode.c.objc</string>
			<key>path</key>
			<string>main.m</string>
			<key>sourceTree</key>
			<string>&lt;group&gt;</string>
		</dict>
		<key>BD6951CF18EA4B0800F2F410</key>
		<dict>
			<key>fileRef</key>
			<string>BD6951CE18EA4B0800F2F410</string>
			<key>isa</key>
			<string>PBXBuildFile</string>
		</dict>
		<key>BD6951EA18EA54A800F2F410</key>
		<dict>
			<key>isa</key>
			<string>PBXFileReference</string>
			<key>lastKnownFileType</key>
			<string>text.plist.xml</string>
			<key>path</key>
			<string>CrushBootstrap-Info.plist</string>
			<key>sourceTree</key>
			<string>&lt;group&gt;</string>
		</dict>
		<key>BD6951EB18EA54BB00F2F410</key>
		<dict>
			<key>fileEncoding</key>
			<string>4</string>
			<key>isa</key>
			<string>PBXFileReference</string>
			<key>lastKnownFileType</key>
			<string>file.storyboard</string>
			<key>path</key>
			<string>Main_iPad.storyboard</string>
			<key>sourceTree</key>
			<string>&lt;group&gt;</string>
		</dict>
		<key>BD6951EC18EA54BB00F2F410</key>
		<dict>
			<key>fileEncoding</key>
			<string>4</string>
			<key>isa</key>
			<string>PBXFileReference</string>
			<key>lastKnownFileType</key>
			<string>file.storyboard</string>
			<key>path</key>
			<string>Main_iPhone.storyboard</string>
			<key>sourceTree</key>
			<string>&lt;group&gt;</string>
		</dict>
		<key>BD6951ED18EA54BB00F2F410</key>
		<dict>
			<key>fileRef</key>
			<string>BD6951EB18EA54BB00F2F410</string>
			<key>isa</key>
			<string>PBXBuildFile</string>
		</dict>
		<key>BD6951EE18EA54BB00F2F410</key>
		<dict>
			<key>fileRef</key>
			<string>BD6951EC18EA54BB00F2F410</string>
			<key>isa</key>
			<string>PBXBuildFile</string>
		</dict>
		<key>BD79800C19C0CF3E0087DCCA</key>
		<dict>
			<key>buildActionMask</key>
			<string>2147483647</string>
			<key>files</key>
			<array/>
			<key>inputPaths</key>
			<array/>
			<key>isa</key>
			<string>PBXShellScriptBuildPhase</string>
			<key>name</key>
			<string>Generate Asset Catalog Identifier File</string>
			<key>outputPaths</key>
			<array/>
			<key>runOnlyForDeploymentPostprocessing</key>
			<string>0</string>
			<key>shellPath</key>
			<string>/bin/sh</string>
			<key>shellScript</key>
			<string># This script walks the asset catalogs in your project and creates
# AssetCatalogIdentifiers.{h,m} with methods for all the UIImages
# found therein.
# The generated files live in the Other Sources group.

# If this is not desired behavior for you, or you don't use
# asset catalogs, feel free to remove this build phase and the
# generated files in Other Sources.

"${SRCROOT}/Scripts/GenerateAssetCatalogIDs.py"</string>
			<key>showEnvVarsInLog</key>
			<string>0</string>
		</dict>
		<key>BD934CCF19C211F600B48551</key>
		<dict>
			<key>children</key>
			<array>
				<string>BD934CD019C211F600B48551</string>
				<string>BD934CD119C211F600B48551</string>
				<string>BD934CD219C211F600B48551</string>
				<string>BD934CD319C211F600B48551</string>
			</array>
			<key>isa</key>
			<string>PBXGroup</string>
			<key>path</key>
			<string>Generated</string>
			<key>sourceTree</key>
			<string>&lt;group&gt;</string>
		</dict>
		<key>BD934CD019C211F600B48551</key>
		<dict>
			<key>fileEncoding</key>
			<string>4</string>
			<key>isa</key>
			<string>PBXFileReference</string>
			<key>lastKnownFileType</key>
			<string>sourcecode.c.h</string>
			<key>path</key>
			<string>AssetCatalogIdentifiers.h</string>
			<key>sourceTree</key>
			<string>&lt;group&gt;</string>
		</dict>
		<key>BD934CD119C211F600B48551</key>
		<dict>
			<key>fileEncoding</key>
			<string>4</string>
			<key>isa</key>
			<string>PBXFileReference</string>
			<key>lastKnownFileType</key>
			<string>sourcecode.c.objc</string>
			<key>path</key>
			<string>AssetCatalogIdentifiers.m</string>
			<key>sourceTree</key>
			<string>&lt;group&gt;</string>
		</dict>
		<key>BD934CD219C211F600B48551</key>
		<dict>
			<key>fileEncoding</key>
			<string>4</string>
			<key>isa</key>
			<string>PBXFileReference</string>
			<key>lastKnownFileType</key>
			<string>sourcecode.c.h</string>
			<key>path</key>
			<string>StoryboardIdentifiers.h</string>
			<key>sourceTree</key>
			<string>&lt;group&gt;</string>
		</dict>
		<key>BD934CD319C211F600B48551</key>
		<dict>
			<key>fileEncoding</key>
			<string>4</string>
			<key>isa</key>
			<string>PBXFileReference</string>
			<key>lastKnownFileType</key>
			<string>sourcecode.c.objc</string>
			<key>path</key>
			<string>StoryboardIdentifiers.m</string>
			<key>sourceTree</key>
			<string>&lt;group&gt;</string>
		</dict>
		<key>BD934CD419C211F600B48551</key>
		<dict>
			<key>fileRef</key>
			<string>BD934CD119C211F600B48551</string>
			<key>isa</key>
			<string>PBXBuildFile</string>
		</dict>
		<key>BD934CD519C211F600B48551</key>
		<dict>
			<key>fileRef</key>
			<string>BD934CD319C211F600B48551</string>
			<key>isa</key>
			<string>PBXBuildFile</string>
		</dict>
		<key>BD9FFD9418E66DF4001DF6EC</key>
		<dict>
			<key>fileEncoding</key>
			<string>4</string>
			<key>isa</key>
			<string>PBXFileReference</string>
			<key>lastKnownFileType</key>
			<string>sourcecode.c.h</string>
			<key>path</key>
			<string>Specs-Prefix.pch</string>
			<key>sourceTree</key>
			<string>&lt;group&gt;</string>
		</dict>
		<key>BDB71B2518EA46ED00579B97</key>
		<dict>
			<key>children</key>
			<array>
				<string>BD574AFE18EA481500EDD66F</string>
				<string>BD6951CE18EA4B0800F2F410</string>
				<string>BDDB996118C3943B003EBC42</string>
				<string>BDDB996218C3943B003EBC42</string>
			</array>
			<key>isa</key>
			<string>PBXGroup</string>
			<key>path</key>
			<string>Application</string>
			<key>sourceTree</key>
			<string>&lt;group&gt;</string>
		</dict>
		<key>BDB71B2618EA471400579B97</key>
		<dict>
			<key>children</key>
			<array>
				<string>BD6951EB18EA54BB00F2F410</string>
				<string>BD6951EC18EA54BB00F2F410</string>
				<string>BDDB996A18C3943B003EBC42</string>
				<string>BDDB996B18C3943B003EBC42</string>
			</array>
			<key>isa</key>
			<string>PBXGroup</string>
			<key>path</key>
			<string>Controllers</string>
			<key>sourceTree</key>
			<string>&lt;group&gt;</string>
		</dict>
		<key>BDC7F36218EBA5EE0045D4BD</key>
		<dict>
			<key>buildActionMask</key>
			<string>2147483647</string>
			<key>files</key>
			<array/>
			<key>inputPaths</key>
			<array/>
			<key>isa</key>
			<string>PBXShellScriptBuildPhase</string>
			<key>name</key>
			<string>Remove Unused Localizations</string>
			<key>outputPaths</key>
			<array/>
			<key>runOnlyForDeploymentPostprocessing</key>
			<string>0</string>
			<key>shellPath</key>
			<string>/bin/sh</string>
			<key>shellScript</key>
			<string># This removes localization files for regions which you haven't explicitly localized
# in the project settings. This is to work around an issue with pods that include
# localizations for many languages, and the subsequent misreading of those files
# by iTunes Connect.
# See this GitHub issue for more details and other workarounds:
# https://github.com/mattt/FormatterKit/issues/88

# Feel free to remove this build phase if that problem doesn't apply to you,
# though leaving it in should be harmless.

"${SRCROOT}/Scripts/RemoveUnusedLocalizations.py"</string>
			<key>showEnvVarsInLog</key>
			<string>0</string>
		</dict>
		<key>BDD67CDB18DFAB85008ECBBD</key>
		<dict>
			<key>baseConfigurationReference</key>
			<string>BD3570BD19929436006C5409</string>
			<key>buildSettings</key>
			<dict>
				<key>IPHONEOS_DEPLOYMENT_TARGET</key>
				<string>7.0</string>
				<key>SDKROOT</key>
				<string>iphoneos</string>
				<key>TARGETED_DEVICE_FAMILY</key>
				<string>1,2</string>
				<key>VALIDATE_PRODUCT</key>
				<string>YES</string>
			</dict>
			<key>isa</key>
			<string>XCBuildConfiguration</string>
			<key>name</key>
			<string>AdHoc_Staging</string>
		</dict>
		<key>BDD67CDC18DFAB85008ECBBD</key>
		<dict>
			<key>baseConfigurationReference</key>
			<string>5AF873AF0F585B45C1E0F5B4</string>
			<key>buildSettings</key>
			<dict>
				<key>ASSETCATALOG_COMPILER_APPICON_NAME</key>
				<string>AppIcon</string>
				<key>ASSETCATALOG_COMPILER_LAUNCHIMAGE_NAME</key>
				<string>LaunchImage</string>
				<key>BUNDLE_ID_SUFFIX</key>
				<string>.staging.adhoc</string>
				<key>BUNDLE_NAME_SUFFIX</key>
				<string> (Staging)</string>
				<key>CODE_SIGN_IDENTITY[sdk=iphoneos*]</key>
				<string>iPhone Distribution</string>
				<key>GCC_PRECOMPILE_PREFIX_HEADER</key>
				<string>YES</string>
				<key>GCC_PREFIX_HEADER</key>
				<string>CrushBootstrap/Application/CrushBootstrap-Prefix.pch</string>
				<key>INFOPLIST_FILE</key>
				<string>CrushBootstrap/Other-Sources/CrushBootstrap-Info.plist</string>
				<key>PRODUCT_NAME</key>
				<string>$(TARGET_NAME)</string>
			</dict>
			<key>isa</key>
			<string>XCBuildConfiguration</string>
			<key>name</key>
			<string>AdHoc_Staging</string>
		</dict>
		<key>BDD67CDD18DFAB85008ECBBD</key>
		<dict>
			<key>baseConfigurationReference</key>
			<string>6770FFEDF6A5EE7451E4DEDF</string>
			<key>buildSettings</key>
			<dict>
				<key>BUNDLE_LOADER</key>
				<string>$(BUILT_PRODUCTS_DIR)/CrushBootstrap.app/CrushBootstrap</string>
				<key>FRAMEWORK_SEARCH_PATHS</key>
				<array>
					<string>$(SDKROOT)/Developer/Library/Frameworks</string>
					<string>$(inherited)</string>
					<string>$(DEVELOPER_FRAMEWORKS_DIR)</string>
				</array>
				<key>GCC_PRECOMPILE_PREFIX_HEADER</key>
				<string>YES</string>
				<key>GCC_PREFIX_HEADER</key>
				<string>Specs/Specs-Prefix.pch</string>
				<key>INFOPLIST_FILE</key>
				<string>Specs/Specs-Info.plist</string>
				<key>PRODUCT_NAME</key>
				<string>$(TARGET_NAME)</string>
				<key>TEST_HOST</key>
				<string>$(BUNDLE_LOADER)</string>
				<key>WRAPPER_EXTENSION</key>
				<string>xctest</string>
			</dict>
			<key>isa</key>
			<string>XCBuildConfiguration</string>
			<key>name</key>
			<string>AdHoc_Staging</string>
		</dict>
		<key>BDDB994618C3943B003EBC42</key>
		<dict>
			<key>children</key>
			<array>
				<string>BDDB995818C3943B003EBC42</string>
				<string>BDDB997A18C3943B003EBC42</string>
				<string>BDF1754E18C3972E008BD9C6</string>
				<string>BDDB995018C3943B003EBC42</string>
				<string>55C5AA14CC157D6E10D487F9</string>
			</array>
			<key>indentWidth</key>
			<string>4</string>
			<key>isa</key>
			<string>PBXGroup</string>
			<key>sourceTree</key>
			<string>&lt;group&gt;</string>
			<key>tabWidth</key>
			<string>4</string>
			<key>usesTabs</key>
			<string>0</string>
		</dict>
		<key>BDDB994718C3943B003EBC42</key>
		<dict>
			<key>attributes</key>
			<dict>
				<key>CLASSPREFIX</key>
				<string>CRBS</string>
				<key>LastUpgradeCheck</key>
				<string>0600</string>
				<key>ORGANIZATIONNAME</key>
				<string>Crush &amp; Lovely</string>
				<key>TargetAttributes</key>
				<dict>
					<key>BDDB997218C3943B003EBC42</key>
					<dict>
						<key>TestTargetID</key>
						<string>BDDB994E18C3943B003EBC42</string>
					</dict>
				</dict>
			</dict>
			<key>buildConfigurationList</key>
			<string>BDDB994A18C3943B003EBC42</string>
			<key>compatibilityVersion</key>
			<string>Xcode 3.2</string>
			<key>developmentRegion</key>
			<string>English</string>
			<key>hasScannedForEncodings</key>
			<string>0</string>
			<key>isa</key>
			<string>PBXProject</string>
			<key>knownRegions</key>
			<array>
				<string>en</string>
				<string>Base</string>
			</array>
			<key>mainGroup</key>
			<string>BDDB994618C3943B003EBC42</string>
			<key>productRefGroup</key>
			<string>BDDB995018C3943B003EBC42</string>
			<key>projectDirPath</key>
			<string></string>
			<key>projectReferences</key>
			<array/>
			<key>projectRoot</key>
			<string></string>
			<key>targets</key>
			<array>
				<string>BDDB994E18C3943B003EBC42</string>
				<string>BDDB997218C3943B003EBC42</string>
			</array>
		</dict>
		<key>BDDB994A18C3943B003EBC42</key>
		<dict>
			<key>buildConfigurations</key>
			<array>
				<string>BDDB998218C3943B003EBC42</string>
				<string>BD49EA2018EC611D00F73350</string>
				<string>BDF1757D18C39BD3008BD9C6</string>
				<string>BD49EA2318EC612E00F73350</string>
				<string>BDDB998318C3943B003EBC42</string>
				<string>BDD67CDB18DFAB85008ECBBD</string>
				<string>BD49EA2618EC614F00F73350</string>
				<string>BDF1757A18C3986D008BD9C6</string>
				<string>BD49EA2918EC62DD00F73350</string>
			</array>
			<key>defaultConfigurationIsVisible</key>
			<string>0</string>
			<key>defaultConfigurationName</key>
			<string>Distribution</string>
			<key>isa</key>
			<string>XCConfigurationList</string>
		</dict>
		<key>BDDB994B18C3943B003EBC42</key>
		<dict>
			<key>buildActionMask</key>
			<string>2147483647</string>
			<key>files</key>
			<array>
				<string>BD35136619BE274A00A19841</string>
				<string>BDDB996318C3943B003EBC42</string>
				<string>BD934CD419C211F600B48551</string>
				<string>BD934CD519C211F600B48551</string>
				<string>BD6951CF18EA4B0800F2F410</string>
				<string>BDDB996C18C3943B003EBC42</string>
			</array>
			<key>isa</key>
			<string>PBXSourcesBuildPhase</string>
			<key>runOnlyForDeploymentPostprocessing</key>
			<string>0</string>
		</dict>
		<key>BDDB994C18C3943B003EBC42</key>
		<dict>
			<key>buildActionMask</key>
			<string>2147483647</string>
			<key>files</key>
			<array>
				<string>7A1059CDD505490C88A04C84</string>
			</array>
			<key>isa</key>
			<string>PBXFrameworksBuildPhase</string>
			<key>runOnlyForDeploymentPostprocessing</key>
			<string>0</string>
		</dict>
		<key>BDDB994D18C3943B003EBC42</key>
		<dict>
			<key>buildActionMask</key>
			<string>2147483647</string>
			<key>files</key>
			<array>
				<string>BDDB996E18C3943B003EBC42</string>
				<string>BD6951ED18EA54BB00F2F410</string>
				<string>BD6951EE18EA54BB00F2F410</string>
				<string>BD304C8318E77F7E0034105E</string>
				<string>BD3CA8BC18D8A6D200C993E0</string>
			</array>
			<key>isa</key>
			<string>PBXResourcesBuildPhase</string>
			<key>runOnlyForDeploymentPostprocessing</key>
			<string>0</string>
		</dict>
		<key>BDDB994E18C3943B003EBC42</key>
		<dict>
			<key>buildConfigurationList</key>
			<string>BDDB998418C3943B003EBC42</string>
			<key>buildPhases</key>
			<array>
				<string>CE78B447D2424EDEAEAB74EB</string>
				<string>BDF4202019B8F31200FE6C13</string>
				<string>BD79800C19C0CF3E0087DCCA</string>
				<string>BDDB994B18C3943B003EBC42</string>
				<string>BDDB994C18C3943B003EBC42</string>
				<string>BD36522718CE89C6009107A7</string>
				<string>BDDB994D18C3943B003EBC42</string>
				<string>5934C2BEC75D4C51B3689E07</string>
				<string>BDF1758318C3A844008BD9C6</string>
				<string>BDC7F36218EBA5EE0045D4BD</string>
				<string>BD35136319BE21BD00A19841</string>
			</array>
			<key>buildRules</key>
			<array>
				<string>BD3D80F418E8B70200FAD1EB</string>
			</array>
			<key>dependencies</key>
			<array/>
			<key>isa</key>
			<string>PBXNativeTarget</string>
			<key>name</key>
			<string>CrushBootstrap</string>
			<key>productName</key>
			<string>CrushBootstrap</string>
			<key>productReference</key>
			<string>BDDB994F18C3943B003EBC42</string>
			<key>productType</key>
			<string>com.apple.product-type.application</string>
		</dict>
		<key>BDDB994F18C3943B003EBC42</key>
		<dict>
			<key>explicitFileType</key>
			<string>wrapper.application</string>
			<key>includeInIndex</key>
			<string>0</string>
			<key>isa</key>
			<string>PBXFileReference</string>
			<key>path</key>
			<string>CrushBootstrap.app</string>
			<key>sourceTree</key>
			<string>BUILT_PRODUCTS_DIR</string>
		</dict>
		<key>BDDB995018C3943B003EBC42</key>
		<dict>
			<key>children</key>
			<array>
				<string>BDDB994F18C3943B003EBC42</string>
				<string>BDDB997318C3943B003EBC42</string>
			</array>
			<key>isa</key>
			<string>PBXGroup</string>
			<key>name</key>
			<string>Products</string>
			<key>sourceTree</key>
			<string>&lt;group&gt;</string>
		</dict>
		<key>BDDB995818C3943B003EBC42</key>
		<dict>
			<key>children</key>
			<array>
				<string>BDB71B2618EA471400579B97</string>
				<string>BD574AFB18EA47FA00EDD66F</string>
				<string>BD574AFA18EA47FA00EDD66F</string>
				<string>BD3CA8BA18D8A68600C993E0</string>
				<string>BD574B0318EA481500EDD66F</string>
				<string>BDB71B2518EA46ED00579B97</string>
				<string>BD574AFC18EA481500EDD66F</string>
			</array>
			<key>isa</key>
			<string>PBXGroup</string>
			<key>path</key>
			<string>CrushBootstrap</string>
			<key>sourceTree</key>
			<string>&lt;group&gt;</string>
		</dict>
		<key>BDDB996118C3943B003EBC42</key>
		<dict>
			<key>isa</key>
			<string>PBXFileReference</string>
			<key>lastKnownFileType</key>
			<string>sourcecode.c.h</string>
			<key>path</key>
			<string>CRBSAppDelegate.h</string>
			<key>sourceTree</key>
			<string>&lt;group&gt;</string>
		</dict>
		<key>BDDB996218C3943B003EBC42</key>
		<dict>
			<key>isa</key>
			<string>PBXFileReference</string>
			<key>lastKnownFileType</key>
			<string>sourcecode.c.objc</string>
			<key>path</key>
			<string>CRBSAppDelegate.m</string>
			<key>sourceTree</key>
			<string>&lt;group&gt;</string>
		</dict>
		<key>BDDB996318C3943B003EBC42</key>
		<dict>
			<key>fileRef</key>
			<string>BDDB996218C3943B003EBC42</string>
			<key>isa</key>
			<string>PBXBuildFile</string>
		</dict>
		<key>BDDB996A18C3943B003EBC42</key>
		<dict>
			<key>fileEncoding</key>
			<string>4</string>
			<key>isa</key>
			<string>PBXFileReference</string>
			<key>lastKnownFileType</key>
			<string>sourcecode.c.h</string>
			<key>path</key>
			<string>CRBSViewController.h</string>
			<key>sourceTree</key>
			<string>&lt;group&gt;</string>
		</dict>
		<key>BDDB996B18C3943B003EBC42</key>
		<dict>
			<key>fileEncoding</key>
			<string>4</string>
			<key>isa</key>
			<string>PBXFileReference</string>
			<key>lastKnownFileType</key>
			<string>sourcecode.c.objc</string>
			<key>path</key>
			<string>CRBSViewController.m</string>
			<key>sourceTree</key>
			<string>&lt;group&gt;</string>
		</dict>
		<key>BDDB996C18C3943B003EBC42</key>
		<dict>
			<key>fileRef</key>
			<string>BDDB996B18C3943B003EBC42</string>
			<key>isa</key>
			<string>PBXBuildFile</string>
		</dict>
		<key>BDDB996D18C3943B003EBC42</key>
		<dict>
			<key>isa</key>
			<string>PBXFileReference</string>
			<key>lastKnownFileType</key>
			<string>folder.assetcatalog</string>
			<key>path</key>
			<string>Images.xcassets</string>
			<key>sourceTree</key>
			<string>&lt;group&gt;</string>
		</dict>
		<key>BDDB996E18C3943B003EBC42</key>
		<dict>
			<key>fileRef</key>
			<string>BDDB996D18C3943B003EBC42</string>
			<key>isa</key>
			<string>PBXBuildFile</string>
		</dict>
		<key>BDDB996F18C3943B003EBC42</key>
		<dict>
			<key>buildActionMask</key>
			<string>2147483647</string>
			<key>files</key>
			<array>
				<string>BD304C8118E672EA0034105E</string>
				<string>BD3D80F318E8AD9100FAD1EB</string>
			</array>
			<key>isa</key>
			<string>PBXSourcesBuildPhase</string>
			<key>runOnlyForDeploymentPostprocessing</key>
			<string>0</string>
		</dict>
		<key>BDDB997018C3943B003EBC42</key>
		<dict>
			<key>buildActionMask</key>
			<string>2147483647</string>
			<key>files</key>
			<array>
				<string>9A02F77A5711492A9BF635F8</string>
			</array>
			<key>isa</key>
			<string>PBXFrameworksBuildPhase</string>
			<key>runOnlyForDeploymentPostprocessing</key>
			<string>0</string>
		</dict>
		<key>BDDB997118C3943B003EBC42</key>
		<dict>
			<key>buildActionMask</key>
			<string>2147483647</string>
			<key>files</key>
			<array/>
			<key>isa</key>
			<string>PBXResourcesBuildPhase</string>
			<key>runOnlyForDeploymentPostprocessing</key>
			<string>0</string>
		</dict>
		<key>BDDB997218C3943B003EBC42</key>
		<dict>
			<key>buildConfigurationList</key>
			<string>BDDB998718C3943B003EBC42</string>
			<key>buildPhases</key>
			<array>
				<string>295A078AF08D45C99B314B81</string>
				<string>BDDB996F18C3943B003EBC42</string>
				<string>BDDB997018C3943B003EBC42</string>
				<string>BDDB997118C3943B003EBC42</string>
				<string>A20A1E42928D4423912BE388</string>
			</array>
			<key>buildRules</key>
			<array/>
			<key>dependencies</key>
			<array>
				<string>BDDB997918C3943B003EBC42</string>
			</array>
			<key>isa</key>
			<string>PBXNativeTarget</string>
			<key>name</key>
			<string>Specs</string>
			<key>productName</key>
			<string>CrushBootstrapTests</string>
			<key>productReference</key>
			<string>BDDB997318C3943B003EBC42</string>
			<key>productType</key>
			<string>com.apple.product-type.bundle.unit-test</string>
		</dict>
		<key>BDDB997318C3943B003EBC42</key>
		<dict>
			<key>explicitFileType</key>
			<string>wrapper.cfbundle</string>
			<key>includeInIndex</key>
			<string>0</string>
			<key>isa</key>
			<string>PBXFileReference</string>
			<key>path</key>
			<string>Specs.xctest</string>
			<key>sourceTree</key>
			<string>BUILT_PRODUCTS_DIR</string>
		</dict>
		<key>BDDB997818C3943B003EBC42</key>
		<dict>
			<key>containerPortal</key>
			<string>BDDB994718C3943B003EBC42</string>
			<key>isa</key>
			<string>PBXContainerItemProxy</string>
			<key>proxyType</key>
			<string>1</string>
			<key>remoteGlobalIDString</key>
			<string>BDDB994E18C3943B003EBC42</string>
			<key>remoteInfo</key>
			<string>CrushBootstrap</string>
		</dict>
		<key>BDDB997918C3943B003EBC42</key>
		<dict>
			<key>isa</key>
			<string>PBXTargetDependency</string>
			<key>target</key>
			<string>BDDB994E18C3943B003EBC42</string>
			<key>targetProxy</key>
			<string>BDDB997818C3943B003EBC42</string>
		</dict>
		<key>BDDB997A18C3943B003EBC42</key>
		<dict>
			<key>children</key>
			<array>
				<string>BD304C8018E672EA0034105E</string>
				<string>BDDB997B18C3943B003EBC42</string>
			</array>
			<key>isa</key>
			<string>PBXGroup</string>
			<key>path</key>
			<string>Specs</string>
			<key>sourceTree</key>
			<string>&lt;group&gt;</string>
		</dict>
		<key>BDDB997B18C3943B003EBC42</key>
		<dict>
			<key>children</key>
			<array>
				<string>BDDB997C18C3943B003EBC42</string>
				<string>BD9FFD9418E66DF4001DF6EC</string>
				<string>BD3D80F218E8AD9100FAD1EB</string>
			</array>
			<key>isa</key>
			<string>PBXGroup</string>
			<key>name</key>
			<string>Supporting Files</string>
			<key>sourceTree</key>
			<string>&lt;group&gt;</string>
		</dict>
		<key>BDDB997C18C3943B003EBC42</key>
		<dict>
			<key>isa</key>
			<string>PBXFileReference</string>
			<key>lastKnownFileType</key>
			<string>text.plist.xml</string>
			<key>path</key>
			<string>Specs-Info.plist</string>
			<key>sourceTree</key>
			<string>&lt;group&gt;</string>
		</dict>
		<key>BDDB998218C3943B003EBC42</key>
		<dict>
			<key>baseConfigurationReference</key>
			<string>BD3570BB19929359006C5409</string>
			<key>buildSettings</key>
			<dict>
				<key>IPHONEOS_DEPLOYMENT_TARGET</key>
				<string>7.0</string>
				<key>SDKROOT</key>
				<string>iphoneos</string>
				<key>TARGETED_DEVICE_FAMILY</key>
				<string>1,2</string>
			</dict>
			<key>isa</key>
			<string>XCBuildConfiguration</string>
			<key>name</key>
			<string>Debug_Staging</string>
		</dict>
		<key>BDDB998318C3943B003EBC42</key>
		<dict>
			<key>baseConfigurationReference</key>
			<string>BD3570BD19929436006C5409</string>
			<key>buildSettings</key>
			<dict>
				<key>IPHONEOS_DEPLOYMENT_TARGET</key>
				<string>7.0</string>
				<key>SDKROOT</key>
				<string>iphoneos</string>
				<key>TARGETED_DEVICE_FAMILY</key>
				<string>1,2</string>
				<key>VALIDATE_PRODUCT</key>
				<string>YES</string>
			</dict>
			<key>isa</key>
			<string>XCBuildConfiguration</string>
			<key>name</key>
			<string>Distribution</string>
		</dict>
		<key>BDDB998418C3943B003EBC42</key>
		<dict>
			<key>buildConfigurations</key>
			<array>
				<string>BDDB998518C3943B003EBC42</string>
				<string>BD49EA2118EC611D00F73350</string>
				<string>BDF1757E18C39BD3008BD9C6</string>
				<string>BD49EA2418EC612E00F73350</string>
				<string>BDDB998618C3943B003EBC42</string>
				<string>BDD67CDC18DFAB85008ECBBD</string>
				<string>BD49EA2718EC614F00F73350</string>
				<string>BDF1757B18C3986D008BD9C6</string>
				<string>BD49EA2A18EC62DD00F73350</string>
			</array>
			<key>defaultConfigurationIsVisible</key>
			<string>0</string>
			<key>defaultConfigurationName</key>
			<string>Distribution</string>
			<key>isa</key>
			<string>XCConfigurationList</string>
		</dict>
		<key>BDDB998518C3943B003EBC42</key>
		<dict>
			<key>baseConfigurationReference</key>
			<string>973497EBFED9FC87626B9E25</string>
			<key>buildSettings</key>
			<dict>
				<key>ASSETCATALOG_COMPILER_APPICON_NAME</key>
				<string>AppIcon</string>
				<key>ASSETCATALOG_COMPILER_LAUNCHIMAGE_NAME</key>
				<string>LaunchImage</string>
				<key>BUNDLE_ID_SUFFIX</key>
				<string>.staging.debug</string>
				<key>BUNDLE_NAME_SUFFIX</key>
				<string> (Staging)</string>
				<key>GCC_PRECOMPILE_PREFIX_HEADER</key>
				<string>YES</string>
				<key>GCC_PREFIX_HEADER</key>
				<string>CrushBootstrap/Application/CrushBootstrap-Prefix.pch</string>
				<key>INFOPLIST_FILE</key>
				<string>CrushBootstrap/Other-Sources/CrushBootstrap-Info.plist</string>
				<key>PRODUCT_NAME</key>
				<string>$(TARGET_NAME)</string>
			</dict>
			<key>isa</key>
			<string>XCBuildConfiguration</string>
			<key>name</key>
			<string>Debug_Staging</string>
		</dict>
		<key>BDDB998618C3943B003EBC42</key>
		<dict>
			<key>baseConfigurationReference</key>
			<string>8B825A2DB6F2180BF8C6BAE6</string>
			<key>buildSettings</key>
			<dict>
				<key>ASSETCATALOG_COMPILER_APPICON_NAME</key>
				<string>AppIcon</string>
				<key>ASSETCATALOG_COMPILER_LAUNCHIMAGE_NAME</key>
				<string>LaunchImage</string>
				<key>BUNDLE_ID_SUFFIX</key>
				<string></string>
				<key>BUNDLE_NAME_SUFFIX</key>
				<string></string>
				<key>CODE_SIGN_IDENTITY[sdk=iphoneos*]</key>
				<string>iPhone Distribution</string>
				<key>GCC_PRECOMPILE_PREFIX_HEADER</key>
				<string>YES</string>
				<key>GCC_PREFIX_HEADER</key>
				<string>CrushBootstrap/Application/CrushBootstrap-Prefix.pch</string>
				<key>INFOPLIST_FILE</key>
				<string>CrushBootstrap/Other-Sources/CrushBootstrap-Info.plist</string>
				<key>PRODUCT_NAME</key>
				<string>$(TARGET_NAME)</string>
			</dict>
			<key>isa</key>
			<string>XCBuildConfiguration</string>
			<key>name</key>
			<string>Distribution</string>
		</dict>
		<key>BDDB998718C3943B003EBC42</key>
		<dict>
			<key>buildConfigurations</key>
			<array>
				<string>BDDB998818C3943B003EBC42</string>
				<string>BD49EA2218EC611D00F73350</string>
				<string>BDF1757F18C39BD3008BD9C6</string>
				<string>BD49EA2518EC612E00F73350</string>
				<string>BDDB998918C3943B003EBC42</string>
				<string>BDD67CDD18DFAB85008ECBBD</string>
				<string>BD49EA2818EC614F00F73350</string>
				<string>BDF1757C18C3986D008BD9C6</string>
				<string>BD49EA2B18EC62DD00F73350</string>
			</array>
			<key>defaultConfigurationIsVisible</key>
			<string>0</string>
			<key>defaultConfigurationName</key>
			<string>Distribution</string>
			<key>isa</key>
			<string>XCConfigurationList</string>
		</dict>
		<key>BDDB998818C3943B003EBC42</key>
		<dict>
			<key>baseConfigurationReference</key>
			<string>B9B99CA30A14373A9E910099</string>
			<key>buildSettings</key>
			<dict>
				<key>BUNDLE_LOADER</key>
				<string>$(BUILT_PRODUCTS_DIR)/CrushBootstrap.app/CrushBootstrap</string>
				<key>FRAMEWORK_SEARCH_PATHS</key>
				<array>
					<string>$(SDKROOT)/Developer/Library/Frameworks</string>
					<string>$(inherited)</string>
					<string>$(DEVELOPER_FRAMEWORKS_DIR)</string>
				</array>
				<key>GCC_PRECOMPILE_PREFIX_HEADER</key>
				<string>YES</string>
				<key>GCC_PREFIX_HEADER</key>
				<string>Specs/Specs-Prefix.pch</string>
				<key>INFOPLIST_FILE</key>
				<string>Specs/Specs-Info.plist</string>
				<key>PRODUCT_NAME</key>
				<string>$(TARGET_NAME)</string>
				<key>TEST_HOST</key>
				<string>$(BUNDLE_LOADER)</string>
				<key>WRAPPER_EXTENSION</key>
				<string>xctest</string>
			</dict>
			<key>isa</key>
			<string>XCBuildConfiguration</string>
			<key>name</key>
			<string>Debug_Staging</string>
		</dict>
		<key>BDDB998918C3943B003EBC42</key>
		<dict>
			<key>baseConfigurationReference</key>
			<string>40BA951C2C05A8E480C4A89C</string>
			<key>buildSettings</key>
			<dict>
				<key>BUNDLE_LOADER</key>
				<string>$(BUILT_PRODUCTS_DIR)/CrushBootstrap.app/CrushBootstrap</string>
				<key>FRAMEWORK_SEARCH_PATHS</key>
				<array>
					<string>$(SDKROOT)/Developer/Library/Frameworks</string>
					<string>$(inherited)</string>
					<string>$(DEVELOPER_FRAMEWORKS_DIR)</string>
				</array>
				<key>GCC_PRECOMPILE_PREFIX_HEADER</key>
				<string>YES</string>
				<key>GCC_PREFIX_HEADER</key>
				<string>Specs/Specs-Prefix.pch</string>
				<key>INFOPLIST_FILE</key>
				<string>Specs/Specs-Info.plist</string>
				<key>PRODUCT_NAME</key>
				<string>$(TARGET_NAME)</string>
				<key>TEST_HOST</key>
				<string>$(BUNDLE_LOADER)</string>
				<key>WRAPPER_EXTENSION</key>
				<string>xctest</string>
			</dict>
			<key>isa</key>
			<string>XCBuildConfiguration</string>
			<key>name</key>
			<string>Distribution</string>
		</dict>
		<key>BDF1754E18C3972E008BD9C6</key>
		<dict>
			<key>children</key>
			<array>
				<string>1D61E01362DD444BBFD6E388</string>
				<string>E6EBF96DA068437B82FA86E4</string>
				<string>BDF1754F18C3972E008BD9C6</string>
			</array>
			<key>isa</key>
			<string>PBXGroup</string>
			<key>path</key>
			<string>External</string>
			<key>sourceTree</key>
			<string>&lt;group&gt;</string>
		</dict>
		<key>BDF1754F18C3972E008BD9C6</key>
		<dict>
			<key>children</key>
			<array>
				<string>BDF1755018C3972E008BD9C6</string>
				<string>BDF1755A18C3972E008BD9C6</string>
				<string>BDF1755E18C3972E008BD9C6</string>
				<string>BDF1756418C3972E008BD9C6</string>
			</array>
			<key>isa</key>
			<string>PBXGroup</string>
			<key>path</key>
			<string>xcconfigs</string>
			<key>sourceTree</key>
			<string>&lt;group&gt;</string>
		</dict>
		<key>BDF1755018C3972E008BD9C6</key>
		<dict>
			<key>children</key>
			<array>
				<string>BDF1755118C3972E008BD9C6</string>
				<string>BDF1755218C3972E008BD9C6</string>
				<string>BDF1755718C3972E008BD9C6</string>
			</array>
			<key>isa</key>
			<string>PBXGroup</string>
			<key>path</key>
			<string>Base</string>
			<key>sourceTree</key>
			<string>&lt;group&gt;</string>
		</dict>
		<key>BDF1755118C3972E008BD9C6</key>
		<dict>
			<key>fileEncoding</key>
			<string>4</string>
			<key>isa</key>
			<string>PBXFileReference</string>
			<key>lastKnownFileType</key>
			<string>text.xcconfig</string>
			<key>path</key>
			<string>Common.xcconfig</string>
			<key>sourceTree</key>
			<string>&lt;group&gt;</string>
		</dict>
		<key>BDF1755218C3972E008BD9C6</key>
		<dict>
			<key>children</key>
			<array>
				<string>BDF1755318C3972E008BD9C6</string>
				<string>BDF1755418C3972E008BD9C6</string>
				<string>BDF1755518C3972E008BD9C6</string>
				<string>BDF1755618C3972E008BD9C6</string>
			</array>
			<key>isa</key>
			<string>PBXGroup</string>
			<key>path</key>
			<string>Configurations</string>
			<key>sourceTree</key>
			<string>&lt;group&gt;</string>
		</dict>
		<key>BDF1755318C3972E008BD9C6</key>
		<dict>
			<key>fileEncoding</key>
			<string>4</string>
			<key>isa</key>
			<string>PBXFileReference</string>
			<key>lastKnownFileType</key>
			<string>text.xcconfig</string>
			<key>path</key>
			<string>Debug.xcconfig</string>
			<key>sourceTree</key>
			<string>&lt;group&gt;</string>
		</dict>
		<key>BDF1755418C3972E008BD9C6</key>
		<dict>
			<key>fileEncoding</key>
			<string>4</string>
			<key>isa</key>
			<string>PBXFileReference</string>
			<key>lastKnownFileType</key>
			<string>text.xcconfig</string>
			<key>path</key>
			<string>Profile.xcconfig</string>
			<key>sourceTree</key>
			<string>&lt;group&gt;</string>
		</dict>
		<key>BDF1755518C3972E008BD9C6</key>
		<dict>
			<key>fileEncoding</key>
			<string>4</string>
			<key>isa</key>
			<string>PBXFileReference</string>
			<key>lastKnownFileType</key>
			<string>text.xcconfig</string>
			<key>path</key>
			<string>Release.xcconfig</string>
			<key>sourceTree</key>
			<string>&lt;group&gt;</string>
		</dict>
		<key>BDF1755618C3972E008BD9C6</key>
		<dict>
			<key>fileEncoding</key>
			<string>4</string>
			<key>isa</key>
			<string>PBXFileReference</string>
			<key>lastKnownFileType</key>
			<string>text.xcconfig</string>
			<key>path</key>
			<string>Test.xcconfig</string>
			<key>sourceTree</key>
			<string>&lt;group&gt;</string>
		</dict>
		<key>BDF1755718C3972E008BD9C6</key>
		<dict>
			<key>children</key>
			<array>
				<string>BDF1755818C3972E008BD9C6</string>
				<string>BDF1755918C3972E008BD9C6</string>
			</array>
			<key>isa</key>
			<string>PBXGroup</string>
			<key>path</key>
			<string>Targets</string>
			<key>sourceTree</key>
			<string>&lt;group&gt;</string>
		</dict>
		<key>BDF1755818C3972E008BD9C6</key>
		<dict>
			<key>fileEncoding</key>
			<string>4</string>
			<key>isa</key>
			<string>PBXFileReference</string>
			<key>lastKnownFileType</key>
			<string>text.xcconfig</string>
			<key>path</key>
			<string>Application.xcconfig</string>
			<key>sourceTree</key>
			<string>&lt;group&gt;</string>
		</dict>
		<key>BDF1755918C3972E008BD9C6</key>
		<dict>
			<key>fileEncoding</key>
			<string>4</string>
			<key>isa</key>
			<string>PBXFileReference</string>
			<key>lastKnownFileType</key>
			<string>text.xcconfig</string>
			<key>path</key>
			<string>StaticLibrary.xcconfig</string>
			<key>sourceTree</key>
			<string>&lt;group&gt;</string>
		</dict>
		<key>BDF1755A18C3972E008BD9C6</key>
		<dict>
			<key>children</key>
			<array>
				<string>BDF1755B18C3972E008BD9C6</string>
				<string>BDF1755C18C3972E008BD9C6</string>
				<string>BDF1755D18C3972E008BD9C6</string>
			</array>
			<key>isa</key>
			<string>PBXGroup</string>
			<key>path</key>
			<string>iOS</string>
			<key>sourceTree</key>
			<string>&lt;group&gt;</string>
		</dict>
		<key>BDF1755B18C3972E008BD9C6</key>
		<dict>
			<key>fileEncoding</key>
			<string>4</string>
			<key>isa</key>
			<string>PBXFileReference</string>
			<key>lastKnownFileType</key>
			<string>text.xcconfig</string>
			<key>path</key>
			<string>iOS-Application.xcconfig</string>
			<key>sourceTree</key>
			<string>&lt;group&gt;</string>
		</dict>
		<key>BDF1755C18C3972E008BD9C6</key>
		<dict>
			<key>fileEncoding</key>
			<string>4</string>
			<key>isa</key>
			<string>PBXFileReference</string>
			<key>lastKnownFileType</key>
			<string>text.xcconfig</string>
			<key>path</key>
			<string>iOS-Base.xcconfig</string>
			<key>sourceTree</key>
			<string>&lt;group&gt;</string>
		</dict>
		<key>BDF1755D18C3972E008BD9C6</key>
		<dict>
			<key>fileEncoding</key>
			<string>4</string>
			<key>isa</key>
			<string>PBXFileReference</string>
			<key>lastKnownFileType</key>
			<string>text.xcconfig</string>
			<key>path</key>
			<string>iOS-StaticLibrary.xcconfig</string>
			<key>sourceTree</key>
			<string>&lt;group&gt;</string>
		</dict>
		<key>BDF1755E18C3972E008BD9C6</key>
		<dict>
			<key>children</key>
			<array>
				<string>BDF1755F18C3972E008BD9C6</string>
				<string>BDF1756018C3972E008BD9C6</string>
				<string>BDF1756118C3972E008BD9C6</string>
				<string>BDF1756218C3972E008BD9C6</string>
				<string>BDF1756318C3972E008BD9C6</string>
			</array>
			<key>isa</key>
			<string>PBXGroup</string>
			<key>path</key>
			<string>Mac OS X</string>
			<key>sourceTree</key>
			<string>&lt;group&gt;</string>
		</dict>
		<key>BDF1755F18C3972E008BD9C6</key>
		<dict>
			<key>fileEncoding</key>
			<string>4</string>
			<key>isa</key>
			<string>PBXFileReference</string>
			<key>lastKnownFileType</key>
			<string>text.xcconfig</string>
			<key>path</key>
			<string>Mac-Application.xcconfig</string>
			<key>sourceTree</key>
			<string>&lt;group&gt;</string>
		</dict>
		<key>BDF1756018C3972E008BD9C6</key>
		<dict>
			<key>fileEncoding</key>
			<string>4</string>
			<key>isa</key>
			<string>PBXFileReference</string>
			<key>lastKnownFileType</key>
			<string>text.xcconfig</string>
			<key>path</key>
			<string>Mac-Base.xcconfig</string>
			<key>sourceTree</key>
			<string>&lt;group&gt;</string>
		</dict>
		<key>BDF1756118C3972E008BD9C6</key>
		<dict>
			<key>fileEncoding</key>
			<string>4</string>
			<key>isa</key>
			<string>PBXFileReference</string>
			<key>lastKnownFileType</key>
			<string>text.xcconfig</string>
			<key>path</key>
			<string>Mac-DynamicLibrary.xcconfig</string>
			<key>sourceTree</key>
			<string>&lt;group&gt;</string>
		</dict>
		<key>BDF1756218C3972E008BD9C6</key>
		<dict>
			<key>fileEncoding</key>
			<string>4</string>
			<key>isa</key>
			<string>PBXFileReference</string>
			<key>lastKnownFileType</key>
			<string>text.xcconfig</string>
			<key>path</key>
			<string>Mac-Framework.xcconfig</string>
			<key>sourceTree</key>
			<string>&lt;group&gt;</string>
		</dict>
		<key>BDF1756318C3972E008BD9C6</key>
		<dict>
			<key>fileEncoding</key>
			<string>4</string>
			<key>isa</key>
			<string>PBXFileReference</string>
			<key>lastKnownFileType</key>
			<string>text.xcconfig</string>
			<key>path</key>
			<string>Mac-StaticLibrary.xcconfig</string>
			<key>sourceTree</key>
			<string>&lt;group&gt;</string>
		</dict>
		<key>BDF1756418C3972E008BD9C6</key>
		<dict>
			<key>fileEncoding</key>
			<string>4</string>
			<key>isa</key>
			<string>PBXFileReference</string>
			<key>lastKnownFileType</key>
			<string>text</string>
			<key>path</key>
			<string>README.md</string>
			<key>sourceTree</key>
			<string>&lt;group&gt;</string>
		</dict>
		<key>BDF1757A18C3986D008BD9C6</key>
		<dict>
			<key>baseConfigurationReference</key>
			<string>BD3570BC199293C2006C5409</string>
			<key>buildSettings</key>
			<dict>
				<key>IPHONEOS_DEPLOYMENT_TARGET</key>
				<string>7.0</string>
				<key>SDKROOT</key>
				<string>iphoneos</string>
				<key>TARGETED_DEVICE_FAMILY</key>
				<string>1,2</string>
				<key>VALIDATE_PRODUCT</key>
				<string>YES</string>
			</dict>
			<key>isa</key>
			<string>XCBuildConfiguration</string>
			<key>name</key>
			<string>Profile_Staging</string>
		</dict>
		<key>BDF1757B18C3986D008BD9C6</key>
		<dict>
			<key>baseConfigurationReference</key>
			<string>6AE8431A4C79A1C8F2737EEB</string>
			<key>buildSettings</key>
			<dict>
				<key>ASSETCATALOG_COMPILER_APPICON_NAME</key>
				<string>AppIcon</string>
				<key>ASSETCATALOG_COMPILER_LAUNCHIMAGE_NAME</key>
				<string>LaunchImage</string>
				<key>BUNDLE_ID_SUFFIX</key>
				<string>.staging.adhoc</string>
				<key>BUNDLE_NAME_SUFFIX</key>
				<string> (Staging)</string>
				<key>GCC_PRECOMPILE_PREFIX_HEADER</key>
				<string>YES</string>
				<key>GCC_PREFIX_HEADER</key>
				<string>CrushBootstrap/Application/CrushBootstrap-Prefix.pch</string>
				<key>INFOPLIST_FILE</key>
				<string>CrushBootstrap/Other-Sources/CrushBootstrap-Info.plist</string>
				<key>PRODUCT_NAME</key>
				<string>$(TARGET_NAME)</string>
			</dict>
			<key>isa</key>
			<string>XCBuildConfiguration</string>
			<key>name</key>
			<string>Profile_Staging</string>
		</dict>
		<key>BDF1757C18C3986D008BD9C6</key>
		<dict>
			<key>baseConfigurationReference</key>
			<string>D854A3C5B42BB78F9F14DC65</string>
			<key>buildSettings</key>
			<dict>
				<key>BUNDLE_LOADER</key>
				<string>$(BUILT_PRODUCTS_DIR)/CrushBootstrap.app/CrushBootstrap</string>
				<key>FRAMEWORK_SEARCH_PATHS</key>
				<array>
					<string>$(SDKROOT)/Developer/Library/Frameworks</string>
					<string>$(inherited)</string>
					<string>$(DEVELOPER_FRAMEWORKS_DIR)</string>
				</array>
				<key>GCC_PRECOMPILE_PREFIX_HEADER</key>
				<string>YES</string>
				<key>GCC_PREFIX_HEADER</key>
				<string>Specs/Specs-Prefix.pch</string>
				<key>INFOPLIST_FILE</key>
				<string>Specs/Specs-Info.plist</string>
				<key>PRODUCT_NAME</key>
				<string>$(TARGET_NAME)</string>
				<key>TEST_HOST</key>
				<string>$(BUNDLE_LOADER)</string>
				<key>WRAPPER_EXTENSION</key>
				<string>xctest</string>
			</dict>
			<key>isa</key>
			<string>XCBuildConfiguration</string>
			<key>name</key>
			<string>Profile_Staging</string>
		</dict>
		<key>BDF1757D18C39BD3008BD9C6</key>
		<dict>
			<key>baseConfigurationReference</key>
			<string>BD574AFF18EA481500EDD66F</string>
			<key>buildSettings</key>
			<dict>
				<key>IPHONEOS_DEPLOYMENT_TARGET</key>
				<string>7.0</string>
				<key>SDKROOT</key>
				<string>iphoneos</string>
				<key>TARGETED_DEVICE_FAMILY</key>
				<string>1,2</string>
			</dict>
			<key>isa</key>
			<string>XCBuildConfiguration</string>
			<key>name</key>
			<string>Test_Staging</string>
		</dict>
		<key>BDF1757E18C39BD3008BD9C6</key>
		<dict>
			<key>baseConfigurationReference</key>
			<string>B9A22FEAECDB5B172A6420E4</string>
			<key>buildSettings</key>
			<dict>
				<key>ASSETCATALOG_COMPILER_APPICON_NAME</key>
				<string>AppIcon</string>
				<key>ASSETCATALOG_COMPILER_LAUNCHIMAGE_NAME</key>
				<string>LaunchImage</string>
				<key>BUNDLE_ID_SUFFIX</key>
				<string>.staging.debug</string>
				<key>BUNDLE_NAME_SUFFIX</key>
				<string> (Staging)</string>
				<key>GCC_PRECOMPILE_PREFIX_HEADER</key>
				<string>YES</string>
				<key>GCC_PREFIX_HEADER</key>
				<string>CrushBootstrap/Application/CrushBootstrap-Prefix.pch</string>
				<key>INFOPLIST_FILE</key>
				<string>CrushBootstrap/Other-Sources/CrushBootstrap-Info.plist</string>
				<key>PRODUCT_NAME</key>
				<string>$(TARGET_NAME)</string>
			</dict>
			<key>isa</key>
			<string>XCBuildConfiguration</string>
			<key>name</key>
			<string>Test_Staging</string>
		</dict>
		<key>BDF1757F18C39BD3008BD9C6</key>
		<dict>
			<key>baseConfigurationReference</key>
			<string>12CC9EC171F3BB2114E66841</string>
			<key>buildSettings</key>
			<dict>
				<key>BUNDLE_LOADER</key>
				<string>$(BUILT_PRODUCTS_DIR)/CrushBootstrap.app/CrushBootstrap</string>
				<key>FRAMEWORK_SEARCH_PATHS</key>
				<array>
					<string>$(SDKROOT)/Developer/Library/Frameworks</string>
					<string>$(inherited)</string>
					<string>$(DEVELOPER_FRAMEWORKS_DIR)</string>
				</array>
				<key>GCC_PRECOMPILE_PREFIX_HEADER</key>
				<string>YES</string>
				<key>GCC_PREFIX_HEADER</key>
				<string>Specs/Specs-Prefix.pch</string>
				<key>INFOPLIST_FILE</key>
				<string>Specs/Specs-Info.plist</string>
				<key>PRODUCT_NAME</key>
				<string>$(TARGET_NAME)</string>
				<key>TEST_HOST</key>
				<string>$(BUNDLE_LOADER)</string>
				<key>WRAPPER_EXTENSION</key>
				<string>xctest</string>
			</dict>
			<key>isa</key>
			<string>XCBuildConfiguration</string>
			<key>name</key>
			<string>Test_Staging</string>
		</dict>
		<key>BDF1758318C3A844008BD9C6</key>
		<dict>
			<key>buildActionMask</key>
			<string>2147483647</string>
			<key>files</key>
			<array/>
			<key>inputPaths</key>
			<array/>
			<key>isa</key>
			<string>PBXShellScriptBuildPhase</string>
			<key>name</key>
			<string>Crashlytics Script</string>
			<key>outputPaths</key>
			<array/>
			<key>runOnlyForDeploymentPostprocessing</key>
			<string>0</string>
			<key>shellPath</key>
			<string>/bin/bash</string>
			<key>shellScript</key>
			<string># If you have installed the Crashlytics pod, this script runs the required
# setup script. If you didn't set up Crashlytics in the bootstrap script,
# you will need to insert your API key below, as well as in the AppDelegate.
# You can retrieve that key by running this command in Terminal:
# ruby -e "$(curl -fsSL https://raw.github.com/crushlovely/Amaro/master/tiramisu)" -- --crashlytics

# If you didn't install the CrashlyticsFramework pod, this script will do nothing.
# Feel free to remove it in that case, if you wish.

CRASHLYTICS_SCRIPT="./Pods/CrashlyticsFramework/Crashlytics.framework/run"
[ -x "$CRASHLYTICS_SCRIPT" ] || exit 0

# Enter your key below:
CRASHLYTICS_API_KEY="((CrashlyticsAPIKey))"

if [ "${CRASHLYTICS_API_KEY:0:1}" = "(" ]; then
  echo "warning: Set your Crashlytics API key in the Build Phases tab to enable Crashlytics integration" 1&gt;&amp;2
  exit 0
fi

"$CRASHLYTICS_SCRIPT" "$CRASHLYTICS_API_KEY"</string>
			<key>showEnvVarsInLog</key>
			<string>0</string>
		</dict>
		<key>BDF4202019B8F31200FE6C13</key>
		<dict>
			<key>buildActionMask</key>
			<string>2147483647</string>
			<key>files</key>
			<array/>
			<key>inputPaths</key>
			<array/>
			<key>isa</key>
			<string>PBXShellScriptBuildPhase</string>
			<key>name</key>
			<string>Generate Storyboard Identifier File</string>
			<key>outputPaths</key>
			<array/>
			<key>runOnlyForDeploymentPostprocessing</key>
			<string>0</string>
			<key>shellPath</key>
			<string>/bin/sh</string>
			<key>shellScript</key>
			<string># This script walks the storyboards in your project and creates
# StoryboardIdentifiers.{h,m} with constants for all the segue,
# reuse, restoration, and storyboard identifiers.
# The generated files live in the Other Sources group.

# If this is not desired behavior for you, or you don't use
# storyboards, feel free to remove this build phase and the
# generated files in Other Sources.

# If you would like constants generated for restoration IDs,
# uncomment this line:
#export NEED_RESTORATION_IDS=1

"${SRCROOT}/Scripts/GenerateStoryboardIDs.py"</string>
			<key>showEnvVarsInLog</key>
			<string>0</string>
		</dict>
		<key>CE78B447D2424EDEAEAB74EB</key>
		<dict>
			<key>buildActionMask</key>
			<string>2147483647</string>
			<key>files</key>
			<array/>
			<key>inputPaths</key>
			<array/>
			<key>isa</key>
			<string>PBXShellScriptBuildPhase</string>
			<key>name</key>
			<string>Check Pods Manifest.lock</string>
			<key>outputPaths</key>
			<array/>
			<key>runOnlyForDeploymentPostprocessing</key>
			<string>0</string>
			<key>shellPath</key>
			<string>/bin/sh</string>
			<key>shellScript</key>
			<string>diff "${PODS_ROOT}/../Podfile.lock" "${PODS_ROOT}/Manifest.lock" &gt; /dev/null
if [[ $? != 0 ]] ; then
    cat &lt;&lt; EOM
error: The sandbox is not in sync with the Podfile.lock. Run 'pod install' or update your CocoaPods installation.
EOM
    exit 1
fi
</string>
			<key>showEnvVarsInLog</key>
			<string>0</string>
		</dict>
		<key>D5905E5F82BFFA7584BAD4C5</key>
		<dict>
			<key>includeInIndex</key>
			<string>1</string>
			<key>isa</key>
			<string>PBXFileReference</string>
			<key>lastKnownFileType</key>
			<string>text.xcconfig</string>
			<key>name</key>
			<string>Pods-Specs.debug_production.xcconfig</string>
			<key>path</key>
			<string>Pods/Target Support Files/Pods-Specs/Pods-Specs.debug_production.xcconfig</string>
			<key>sourceTree</key>
			<string>&lt;group&gt;</string>
		</dict>
		<key>D803149862748E9E696037FB</key>
		<dict>
			<key>includeInIndex</key>
			<string>1</string>
			<key>isa</key>
			<string>PBXFileReference</string>
			<key>lastKnownFileType</key>
			<string>text.xcconfig</string>
			<key>name</key>
			<string>Pods-Specs.adhoc_production.xcconfig</string>
			<key>path</key>
			<string>Pods/Target Support Files/Pods-Specs/Pods-Specs.adhoc_production.xcconfig</string>
			<key>sourceTree</key>
			<string>&lt;group&gt;</string>
		</dict>
		<key>D854A3C5B42BB78F9F14DC65</key>
		<dict>
			<key>includeInIndex</key>
			<string>1</string>
			<key>isa</key>
			<string>PBXFileReference</string>
			<key>lastKnownFileType</key>
			<string>text.xcconfig</string>
			<key>name</key>
			<string>Pods-Specs.profile_staging.xcconfig</string>
			<key>path</key>
			<string>Pods/Target Support Files/Pods-Specs/Pods-Specs.profile_staging.xcconfig</string>
			<key>sourceTree</key>
			<string>&lt;group&gt;</string>
		</dict>
		<key>E6EBF96DA068437B82FA86E4</key>
		<dict>
			<key>explicitFileType</key>
			<string>archive.ar</string>
			<key>includeInIndex</key>
			<string>0</string>
			<key>isa</key>
			<string>PBXFileReference</string>
			<key>path</key>
			<string>libPods-Specs.a</string>
			<key>sourceTree</key>
			<string>BUILT_PRODUCTS_DIR</string>
		</dict>
	</dict>
	<key>rootObject</key>
	<string>BDDB994718C3943B003EBC42</string>
</dict>
</plist>
